// !$*UTF8*$!
{
	archiveVersion = 1;
	classes = {
	};
	objectVersion = 46;
	objects = {

/* Begin PBXBuildFile section */
		6D09C9ED1C7C0A410067B456 /* objcGrowingIO.h in CopyFiles */ = {isa = PBXBuildFile; fileRef = 6D09C9EC1C7C0A410067B456 /* objcGrowingIO.h */; };
		6D09C9EF1C7C0A410067B456 /* objcGrowingIO.m in Sources */ = {isa = PBXBuildFile; fileRef = 6D09C9EE1C7C0A410067B456 /* objcGrowingIO.m */; };
		6D09C9F71C7C0A6A0067B456 /* libGrowing.a in Frameworks */ = {isa = PBXBuildFile; fileRef = 6D09C9F61C7C0A6A0067B456 /* libGrowing.a */; };
/* End PBXBuildFile section */

/* Begin PBXCopyFilesBuildPhase section */
		6D09C9E71C7C0A410067B456 /* CopyFiles */ = {
			isa = PBXCopyFilesBuildPhase;
			buildActionMask = 2147483647;
			dstPath = "include/$(PRODUCT_NAME)";
			dstSubfolderSpec = 16;
			files = (
				6D09C9ED1C7C0A410067B456 /* objcGrowingIO.h in CopyFiles */,
			);
			runOnlyForDeploymentPostprocessing = 0;
		};
/* End PBXCopyFilesBuildPhase section */

/* Begin PBXFileReference section */
		6D09C9E91C7C0A410067B456 /* libobjcGrowingIO.a */ = {isa = PBXFileReference; explicitFileType = archive.ar; includeInIndex = 0; path = libobjcGrowingIO.a; sourceTree = BUILT_PRODUCTS_DIR; };
		6D09C9EC1C7C0A410067B456 /* objcGrowingIO.h */ = {isa = PBXFileReference; lastKnownFileType = sourcecode.c.h; path = objcGrowingIO.h; sourceTree = "<group>"; };
		6D09C9EE1C7C0A410067B456 /* objcGrowingIO.m */ = {isa = PBXFileReference; lastKnownFileType = sourcecode.c.objc; path = objcGrowingIO.m; sourceTree = "<group>"; };
		6D09C9F51C7C0A6A0067B456 /* Growing.h */ = {isa = PBXFileReference; fileEncoding = 4; lastKnownFileType = sourcecode.c.h; path = Growing.h; sourceTree = "<group>"; };
		6D09C9F61C7C0A6A0067B456 /* libGrowing.a */ = {isa = PBXFileReference; lastKnownFileType = archive.ar; path = libGrowing.a; sourceTree = "<group>"; };
/* End PBXFileReference section */

/* Begin PBXFrameworksBuildPhase section */
		6D09C9E61C7C0A410067B456 /* Frameworks */ = {
			isa = PBXFrameworksBuildPhase;
			buildActionMask = 2147483647;
			files = (
				6D09C9F71C7C0A6A0067B456 /* libGrowing.a in Frameworks */,
			);
			runOnlyForDeploymentPostprocessing = 0;
		};
/* End PBXFrameworksBuildPhase section */

/* Begin PBXGroup section */
		6D09C9E01C7C0A410067B456 = {
			isa = PBXGroup;
			children = (
				6D09C9EB1C7C0A410067B456 /* objcGrowingIO */,
				6D09C9EA1C7C0A410067B456 /* Products */,
			);
			sourceTree = "<group>";
		};
		6D09C9EA1C7C0A410067B456 /* Products */ = {
			isa = PBXGroup;
			children = (
				6D09C9E91C7C0A410067B456 /* libobjcGrowingIO.a */,
			);
			name = Products;
			sourceTree = "<group>";
		};
		6D09C9EB1C7C0A410067B456 /* objcGrowingIO */ = {
			isa = PBXGroup;
			children = (
				6D09C9F51C7C0A6A0067B456 /* Growing.h */,
				6D09C9F61C7C0A6A0067B456 /* libGrowing.a */,
				6D09C9EC1C7C0A410067B456 /* objcGrowingIO.h */,
				6D09C9EE1C7C0A410067B456 /* objcGrowingIO.m */,
			);
			path = objcGrowingIO;
			sourceTree = "<group>";
		};
/* End PBXGroup section */

/* Begin PBXNativeTarget section */
		6D09C9E81C7C0A410067B456 /* objcGrowingIO */ = {
			isa = PBXNativeTarget;
			buildConfigurationList = 6D09C9F21C7C0A410067B456 /* Build configuration list for PBXNativeTarget "objcGrowingIO" */;
			buildPhases = (
				6D09C9E51C7C0A410067B456 /* Sources */,
				6D09C9E61C7C0A410067B456 /* Frameworks */,
				6D09C9E71C7C0A410067B456 /* CopyFiles */,
			);
			buildRules = (
			);
			dependencies = (
			);
			name = objcGrowingIO;
			productName = objcGrowingIO;
			productReference = 6D09C9E91C7C0A410067B456 /* libobjcGrowingIO.a */;
			productType = "com.apple.product-type.library.static";
		};
/* End PBXNativeTarget section */

/* Begin PBXProject section */
		6D09C9E11C7C0A410067B456 /* Project object */ = {
			isa = PBXProject;
			attributes = {
				LastUpgradeCheck = 0720;
				ORGANIZATIONNAME = GrowingIO;
				TargetAttributes = {
					6D09C9E81C7C0A410067B456 = {
						CreatedOnToolsVersion = 7.2.1;
					};
				};
			};
			buildConfigurationList = 6D09C9E41C7C0A410067B456 /* Build configuration list for PBXProject "objcGrowingIO" */;
			compatibilityVersion = "Xcode 3.2";
			developmentRegion = English;
			hasScannedForEncodings = 0;
			knownRegions = (
				en,
			);
			mainGroup = 6D09C9E01C7C0A410067B456;
			productRefGroup = 6D09C9EA1C7C0A410067B456 /* Products */;
			projectDirPath = "";
			projectRoot = "";
			targets = (
				6D09C9E81C7C0A410067B456 /* objcGrowingIO */,
			);
		};
/* End PBXProject section */

/* Begin PBXSourcesBuildPhase section */
		6D09C9E51C7C0A410067B456 /* Sources */ = {
			isa = PBXSourcesBuildPhase;
			buildActionMask = 2147483647;
			files = (
				6D09C9EF1C7C0A410067B456 /* objcGrowingIO.m in Sources */,
			);
			runOnlyForDeploymentPostprocessing = 0;
		};
/* End PBXSourcesBuildPhase section */

/* Begin XCBuildConfiguration section */
		6D09C9F01C7C0A410067B456 /* Debug */ = {
			isa = XCBuildConfiguration;
			buildSettings = {
				ALWAYS_SEARCH_USER_PATHS = NO;
				CLANG_CXX_LANGUAGE_STANDARD = "gnu++0x";
				CLANG_CXX_LIBRARY = "libc++";
				CLANG_ENABLE_MODULES = YES;
				CLANG_ENABLE_OBJC_ARC = YES;
				CLANG_WARN_BOOL_CONVERSION = YES;
				CLANG_WARN_CONSTANT_CONVERSION = YES;
				CLANG_WARN_DIRECT_OBJC_ISA_USAGE = YES_ERROR;
				CLANG_WARN_EMPTY_BODY = YES;
				CLANG_WARN_ENUM_CONVERSION = YES;
				CLANG_WARN_INT_CONVERSION = YES;
				CLANG_WARN_OBJC_ROOT_CLASS = YES_ERROR;
				CLANG_WARN_UNREACHABLE_CODE = YES;
				CLANG_WARN__DUPLICATE_METHOD_MATCH = YES;
				"CODE_SIGN_IDENTITY[sdk=iphoneos*]" = "iPhone Developer";
				COPY_PHASE_STRIP = NO;
				DEBUG_INFORMATION_FORMAT = dwarf;
				ENABLE_STRICT_OBJC_MSGSEND = YES;
				ENABLE_TESTABILITY = YES;
				GCC_C_LANGUAGE_STANDARD = gnu99;
				GCC_DYNAMIC_NO_PIC = NO;
				GCC_NO_COMMON_BLOCKS = YES;
				GCC_OPTIMIZATION_LEVEL = 0;
				GCC_PREPROCESSOR_DEFINITIONS = (
					"DEBUG=1",
					"$(inherited)",
				);
				GCC_WARN_64_TO_32_BIT_CONVERSION = YES;
				GCC_WARN_ABOUT_RETURN_TYPE = YES_ERROR;
				GCC_WARN_UNDECLARED_SELECTOR = YES;
				GCC_WARN_UNINITIALIZED_AUTOS = YES_AGGRESSIVE;
				GCC_WARN_UNUSED_FUNCTION = YES;
				GCC_WARN_UNUSED_VARIABLE = YES;
				IPHONEOS_DEPLOYMENT_TARGET = 9.2;
				MTL_ENABLE_DEBUG_INFO = YES;
				ONLY_ACTIVE_ARCH = YES;
				SDKROOT = iphoneos;
			};
			name = Debug;
		};
		6D09C9F11C7C0A410067B456 /* Release */ = {
			isa = XCBuildConfiguration;
			buildSettings = {
				ALWAYS_SEARCH_USER_PATHS = NO;
				CLANG_CXX_LANGUAGE_STANDARD = "gnu++0x";
				CLANG_CXX_LIBRARY = "libc++";
				CLANG_ENABLE_MODULES = YES;
				CLANG_ENABLE_OBJC_ARC = YES;
				CLANG_WARN_BOOL_CONVERSION = YES;
				CLANG_WARN_CONSTANT_CONVERSION = YES;
				CLANG_WARN_DIRECT_OBJC_ISA_USAGE = YES_ERROR;
				CLANG_WARN_EMPTY_BODY = YES;
				CLANG_WARN_ENUM_CONVERSION = YES;
				CLANG_WARN_INT_CONVERSION = YES;
				CLANG_WARN_OBJC_ROOT_CLASS = YES_ERROR;
				CLANG_WARN_UNREACHABLE_CODE = YES;
				CLANG_WARN__DUPLICATE_METHOD_MATCH = YES;
				"CODE_SIGN_IDENTITY[sdk=iphoneos*]" = "iPhone Developer";
				COPY_PHASE_STRIP = NO;
				DEBUG_INFORMATION_FORMAT = "dwarf-with-dsym";
				ENABLE_NS_ASSERTIONS = NO;
				ENABLE_STRICT_OBJC_MSGSEND = YES;
				GCC_C_LANGUAGE_STANDARD = gnu99;
				GCC_NO_COMMON_BLOCKS = YES;
				GCC_WARN_64_TO_32_BIT_CONVERSION = YES;
				GCC_WARN_ABOUT_RETURN_TYPE = YES_ERROR;
				GCC_WARN_UNDECLARED_SELECTOR = YES;
				GCC_WARN_UNINITIALIZED_AUTOS = YES_AGGRESSIVE;
				GCC_WARN_UNUSED_FUNCTION = YES;
				GCC_WARN_UNUSED_VARIABLE = YES;
				IPHONEOS_DEPLOYMENT_TARGET = 9.2;
				MTL_ENABLE_DEBUG_INFO = NO;
				SDKROOT = iphoneos;
				VALIDATE_PRODUCT = YES;
			};
			name = Release;
		};
		6D09C9F31C7C0A410067B456 /* Debug */ = {
			isa = XCBuildConfiguration;
			buildSettings = {
				LIBRARY_SEARCH_PATHS = (
					"$(inherited)",
					"$(PROJECT_DIR)/objcGrowingIO",
				);
				OTHER_LDFLAGS = "-ObjC";
				PRODUCT_NAME = "$(TARGET_NAME)";
				SKIP_INSTALL = YES;
			};
			name = Debug;
		};
		6D09C9F41C7C0A410067B456 /* Release */ = {
			isa = XCBuildConfiguration;
			buildSettings = {
				LIBRARY_SEARCH_PATHS = (
					"$(inherited)",
					"$(PROJECT_DIR)/objcGrowingIO",
				);
				OTHER_LDFLAGS = "-ObjC";
				PRODUCT_NAME = "$(TARGET_NAME)";
				SKIP_INSTALL = YES;
			};
			name = Release;
		};
/* End XCBuildConfiguration section */

/* Begin XCConfigurationList section */
		6D09C9E41C7C0A410067B456 /* Build configuration list for PBXProject "objcGrowingIO" */ = {
			isa = XCConfigurationList;
			buildConfigurations = (
				6D09C9F01C7C0A410067B456 /* Debug */,
				6D09C9F11C7C0A410067B456 /* Release */,
			);
			defaultConfigurationIsVisible = 0;
			defaultConfigurationName = Release;
		};
		6D09C9F21C7C0A410067B456 /* Build configuration list for PBXNativeTarget "objcGrowingIO" */ = {
			isa = XCConfigurationList;
			buildConfigurations = (
				6D09C9F31C7C0A410067B456 /* Debug */,
				6D09C9F41C7C0A410067B456 /* Release */,
			);
			defaultConfigurationIsVisible = 0;
		};
/* End XCConfigurationList section */
	};
	rootObject = 6D09C9E11C7C0A410067B456 /* Project object */;
}
